
Microsoft Visual Studio Solution File, Format Version 12.00
# Visual Studio Version 17
VisualStudioVersion = 17.5.002.0
MinimumVisualStudioVersion = 10.0.40219.1
Project("{9A19103F-16F7-4668-BE54-9A1E7A4F7556}") = "Questao2", "Questao2.csproj", "{A7A5F086-B879-487F-9914-A9B1AFAA5E7F}"
EndProject
Global
	GlobalSection(SolutionConfigurationPlatforms) = preSolution
		Debug|Any CPU = Debug|Any CPU
		Release|Any CPU = Release|Any CPU
	EndGlobalSection
	GlobalSection(ProjectConfigurationPlatforms) = postSolution
		{A7A5F086-B879-487F-9914-A9B1AFAA5E7F}.Debug|Any CPU.ActiveCfg = Debug|Any CPU
		{A7A5F086-B879-487F-9914-A9B1AFAA5E7F}.Debug|Any CPU.Build.0 = Debug|Any CPU
		{A7A5F086-B879-487F-9914-A9B1AFAA5E7F}.Release|Any CPU.ActiveCfg = Release|Any CPU
		{A7A5F086-B879-487F-9914-A9B1AFAA5E7F}.Release|Any CPU.Build.0 = Release|Any CPU
	EndGlobalSection
	GlobalSection(SolutionProperties) = preSolution
		HideSolutionNode = FALSE
	EndGlobalSection
	GlobalSection(ExtensibilityGlobals) = postSolution
		SolutionGuid = {4EBEA339-847E-4355-A852-1C3F21F7C7B3}
	EndGlobalSection
EndGlobal
